// !$*UTF8*$!
{
	archiveVersion = 1;
	classes = {
	};
	objectVersion = 50;
	objects = {

/* Begin PBXBuildFile section */
		B651FB52207385D900B27B80 /* AdvanceCoreDataModel.xcdatamodeld in Sources */ = {isa = PBXBuildFile; fileRef = B651FB50207385D900B27B80 /* AdvanceCoreDataModel.xcdatamodeld */; };
		B651FB54207393AE00B27B80 /* CoreDataManager.swift in Sources */ = {isa = PBXBuildFile; fileRef = B651FB53207393AE00B27B80 /* CoreDataManager.swift */; };
		B65662D02072B6FD0038A4EC /* Company.swift in Sources */ = {isa = PBXBuildFile; fileRef = B65662CF2072B6FD0038A4EC /* Company.swift */; };
		B65662D22072BA3E0038A4EC /* CreateCompanyVC.swift in Sources */ = {isa = PBXBuildFile; fileRef = B65662D12072BA3E0038A4EC /* CreateCompanyVC.swift */; };
		B6ACD8B72077CD3500951F07 /* NavigationController+Ext.swift in Sources */ = {isa = PBXBuildFile; fileRef = B6ACD8B62077CD3500951F07 /* NavigationController+Ext.swift */; };
		B6B76D2E20728ED700E36C14 /* Constants.swift in Sources */ = {isa = PBXBuildFile; fileRef = B6B76D2D20728ED700E36C14 /* Constants.swift */; };
		B6B76D302072934D00E36C14 /* UiColor+ThemeExt.swift in Sources */ = {isa = PBXBuildFile; fileRef = B6B76D2F2072934D00E36C14 /* UiColor+ThemeExt.swift */; };
		B6D1821320834565008A667A /* CompanyCell.swift in Sources */ = {isa = PBXBuildFile; fileRef = B6D1821220834565008A667A /* CompanyCell.swift */; };
		B6D18216208354EF008A667A /* CompaniesVC+CreateCompany.swift in Sources */ = {isa = PBXBuildFile; fileRef = B6D18215208354EF008A667A /* CompaniesVC+CreateCompany.swift */; };
		B6D1821820835637008A667A /* CompaniesVC+UiTableView.swift in Sources */ = {isa = PBXBuildFile; fileRef = B6D1821720835637008A667A /* CompaniesVC+UiTableView.swift */; };
		B6D1821A2083CDB3008A667A /* EmployeesVC.swift in Sources */ = {isa = PBXBuildFile; fileRef = B6D182192083CDB3008A667A /* EmployeesVC.swift */; };
		B6D90B14207284B300488082 /* AppDelegate.swift in Sources */ = {isa = PBXBuildFile; fileRef = B6D90B13207284B300488082 /* AppDelegate.swift */; };
		B6D90B16207284B300488082 /* CompaniesVC.swift in Sources */ = {isa = PBXBuildFile; fileRef = B6D90B15207284B300488082 /* CompaniesVC.swift */; };
		B6D90B19207284B300488082 /* Main.storyboard in Resources */ = {isa = PBXBuildFile; fileRef = B6D90B17207284B300488082 /* Main.storyboard */; };
		B6D90B1B207284B400488082 /* Assets.xcassets in Resources */ = {isa = PBXBuildFile; fileRef = B6D90B1A207284B400488082 /* Assets.xcassets */; };
		B6D90B1E207284B400488082 /* LaunchScreen.storyboard in Resources */ = {isa = PBXBuildFile; fileRef = B6D90B1C207284B400488082 /* LaunchScreen.storyboard */; };
		B6EF650A2083D0B700F3E465 /* UiViewController+Helpers.swift in Sources */ = {isa = PBXBuildFile; fileRef = B6EF65092083D0B700F3E465 /* UiViewController+Helpers.swift */; };
		B6EF650D2083D23C00F3E465 /* CreateEmployeeVC.swift in Sources */ = {isa = PBXBuildFile; fileRef = B6EF650C2083D23C00F3E465 /* CreateEmployeeVC.swift */; };
/* End PBXBuildFile section */

/* Begin PBXFileReference section */
		B651FB51207385D900B27B80 /* AdvanceCoreDataModel.xcdatamodel */ = {isa = PBXFileReference; lastKnownFileType = wrapper.xcdatamodel; path = AdvanceCoreDataModel.xcdatamodel; sourceTree = "<group>"; };
		B651FB53207393AE00B27B80 /* CoreDataManager.swift */ = {isa = PBXFileReference; lastKnownFileType = sourcecode.swift; path = CoreDataManager.swift; sourceTree = "<group>"; };
		B65662CF2072B6FD0038A4EC /* Company.swift */ = {isa = PBXFileReference; lastKnownFileType = sourcecode.swift; path = Company.swift; sourceTree = "<group>"; };
		B65662D12072BA3E0038A4EC /* CreateCompanyVC.swift */ = {isa = PBXFileReference; lastKnownFileType = sourcecode.swift; path = CreateCompanyVC.swift; sourceTree = "<group>"; };
		B6ACD8B62077CD3500951F07 /* NavigationController+Ext.swift */ = {isa = PBXFileReference; lastKnownFileType = sourcecode.swift; path = "NavigationController+Ext.swift"; sourceTree = "<group>"; };
		B6B76D2D20728ED700E36C14 /* Constants.swift */ = {isa = PBXFileReference; lastKnownFileType = sourcecode.swift; path = Constants.swift; sourceTree = "<group>"; };
		B6B76D2F2072934D00E36C14 /* UiColor+ThemeExt.swift */ = {isa = PBXFileReference; lastKnownFileType = sourcecode.swift; path = "UiColor+ThemeExt.swift"; sourceTree = "<group>"; };
		B6D1821220834565008A667A /* CompanyCell.swift */ = {isa = PBXFileReference; lastKnownFileType = sourcecode.swift; path = CompanyCell.swift; sourceTree = "<group>"; };
		B6D18215208354EF008A667A /* CompaniesVC+CreateCompany.swift */ = {isa = PBXFileReference; lastKnownFileType = sourcecode.swift; path = "CompaniesVC+CreateCompany.swift"; sourceTree = "<group>"; };
		B6D1821720835637008A667A /* CompaniesVC+UiTableView.swift */ = {isa = PBXFileReference; lastKnownFileType = sourcecode.swift; path = "CompaniesVC+UiTableView.swift"; sourceTree = "<group>"; };
		B6D182192083CDB3008A667A /* EmployeesVC.swift */ = {isa = PBXFileReference; lastKnownFileType = sourcecode.swift; path = EmployeesVC.swift; sourceTree = "<group>"; };
		B6D90B10207284B300488082 /* AdvanceCoreData.app */ = {isa = PBXFileReference; explicitFileType = wrapper.application; includeInIndex = 0; path = AdvanceCoreData.app; sourceTree = BUILT_PRODUCTS_DIR; };
		B6D90B13207284B300488082 /* AppDelegate.swift */ = {isa = PBXFileReference; lastKnownFileType = sourcecode.swift; path = AppDelegate.swift; sourceTree = "<group>"; };
		B6D90B15207284B300488082 /* CompaniesVC.swift */ = {isa = PBXFileReference; lastKnownFileType = sourcecode.swift; path = CompaniesVC.swift; sourceTree = "<group>"; };
		B6D90B18207284B300488082 /* Base */ = {isa = PBXFileReference; lastKnownFileType = file.storyboard; name = Base; path = Base.lproj/Main.storyboard; sourceTree = "<group>"; };
		B6D90B1A207284B400488082 /* Assets.xcassets */ = {isa = PBXFileReference; lastKnownFileType = folder.assetcatalog; path = Assets.xcassets; sourceTree = "<group>"; };
		B6D90B1D207284B400488082 /* Base */ = {isa = PBXFileReference; lastKnownFileType = file.storyboard; name = Base; path = Base.lproj/LaunchScreen.storyboard; sourceTree = "<group>"; };
		B6D90B1F207284B400488082 /* Info.plist */ = {isa = PBXFileReference; lastKnownFileType = text.plist.xml; path = Info.plist; sourceTree = "<group>"; };
		B6EF65092083D0B700F3E465 /* UiViewController+Helpers.swift */ = {isa = PBXFileReference; lastKnownFileType = sourcecode.swift; path = "UiViewController+Helpers.swift"; sourceTree = "<group>"; };
		B6EF650C2083D23C00F3E465 /* CreateEmployeeVC.swift */ = {isa = PBXFileReference; lastKnownFileType = sourcecode.swift; path = CreateEmployeeVC.swift; sourceTree = "<group>"; };
/* End PBXFileReference section */

/* Begin PBXFrameworksBuildPhase section */
		B6D90B0D207284B300488082 /* Frameworks */ = {
			isa = PBXFrameworksBuildPhase;
			buildActionMask = 2147483647;
			files = (
			);
			runOnlyForDeploymentPostprocessing = 0;
		};
/* End PBXFrameworksBuildPhase section */

/* Begin PBXGroup section */
		B6ACD8B12077C48500951F07 /* Model */ = {
			isa = PBXGroup;
			children = (
				B651FB53207393AE00B27B80 /* CoreDataManager.swift */,
				B651FB50207385D900B27B80 /* AdvanceCoreDataModel.xcdatamodeld */,
				B65662CF2072B6FD0038A4EC /* Company.swift */,
			);
			path = Model;
			sourceTree = "<group>";
		};
		B6ACD8B22077C48E00951F07 /* View */ = {
			isa = PBXGroup;
			children = (
				B6D90B1C207284B400488082 /* LaunchScreen.storyboard */,
				B6D90B17207284B300488082 /* Main.storyboard */,
				B6D1821220834565008A667A /* CompanyCell.swift */,
			);
			path = View;
			sourceTree = "<group>";
		};
		B6ACD8B32077C49800951F07 /* Controller */ = {
			isa = PBXGroup;
			children = (
				B6D90B13207284B300488082 /* AppDelegate.swift */,
				B65662D12072BA3E0038A4EC /* CreateCompanyVC.swift */,
				B6D90B15207284B300488082 /* CompaniesVC.swift */,
				B6D182192083CDB3008A667A /* EmployeesVC.swift */,
				B6EF650C2083D23C00F3E465 /* CreateEmployeeVC.swift */,
			);
			path = Controller;
			sourceTree = "<group>";
		};
		B6ACD8B42077C4B700951F07 /* Extensions */ = {
			isa = PBXGroup;
			children = (
				B6EF65092083D0B700F3E465 /* UiViewController+Helpers.swift */,
				B6B76D2F2072934D00E36C14 /* UiColor+ThemeExt.swift */,
				B6ACD8B62077CD3500951F07 /* NavigationController+Ext.swift */,
			);
			path = Extensions;
			sourceTree = "<group>";
		};
		B6ACD8B52077C50300951F07 /* Utils */ = {
			isa = PBXGroup;
			children = (
				B6D90B1A207284B400488082 /* Assets.xcassets */,
				B6B76D2D20728ED700E36C14 /* Constants.swift */,
			);
			path = Utils;
			sourceTree = "<group>";
		};
		B6D90B07207284B300488082 = {
			isa = PBXGroup;
			children = (
				B6D90B12207284B300488082 /* AdvanceCoreData */,
				B6D90B11207284B300488082 /* Products */,
			);
			sourceTree = "<group>";
		};
		B6D90B11207284B300488082 /* Products */ = {
			isa = PBXGroup;
			children = (
				B6D90B10207284B300488082 /* AdvanceCoreData.app */,
			);
			name = Products;
			sourceTree = "<group>";
		};
		B6D90B12207284B300488082 /* AdvanceCoreData */ = {
			isa = PBXGroup;
			children = (
				B6EF650B2083D17000F3E465 /* Protocols */,
				B6ACD8B52077C50300951F07 /* Utils */,
				B6D90B1F207284B400488082 /* Info.plist */,
				B6ACD8B42077C4B700951F07 /* Extensions */,
				B6ACD8B32077C49800951F07 /* Controller */,
				B6ACD8B22077C48E00951F07 /* View */,
				B6ACD8B12077C48500951F07 /* Model */,
			);
			path = AdvanceCoreData;
			sourceTree = "<group>";
		};
		B6EF650B2083D17000F3E465 /* Protocols */ = {
			isa = PBXGroup;
			children = (
				B6D18215208354EF008A667A /* CompaniesVC+CreateCompany.swift */,
				B6D1821720835637008A667A /* CompaniesVC+UiTableView.swift */,
			);
			path = Protocols;
			sourceTree = "<group>";
		};
/* End PBXGroup section */

/* Begin PBXNativeTarget section */
		B6D90B0F207284B300488082 /* AdvanceCoreData */ = {
			isa = PBXNativeTarget;
			buildConfigurationList = B6D90B22207284B400488082 /* Build configuration list for PBXNativeTarget "AdvanceCoreData" */;
			buildPhases = (
				B6D90B0C207284B300488082 /* Sources */,
				B6D90B0D207284B300488082 /* Frameworks */,
				B6D90B0E207284B300488082 /* Resources */,
			);
			buildRules = (
			);
			dependencies = (
			);
			name = AdvanceCoreData;
			productName = AdvanceCoreData;
			productReference = B6D90B10207284B300488082 /* AdvanceCoreData.app */;
			productType = "com.apple.product-type.application";
		};
/* End PBXNativeTarget section */

/* Begin PBXProject section */
		B6D90B08207284B300488082 /* Project object */ = {
			isa = PBXProject;
			attributes = {
				LastSwiftUpdateCheck = 0930;
				LastUpgradeCheck = 0930;
				ORGANIZATIONNAME = DocDevs;
				TargetAttributes = {
					B6D90B0F207284B300488082 = {
						CreatedOnToolsVersion = 9.3;
					};
				};
			};
			buildConfigurationList = B6D90B0B207284B300488082 /* Build configuration list for PBXProject "AdvanceCoreData" */;
			compatibilityVersion = "Xcode 9.3";
			developmentRegion = en;
			hasScannedForEncodings = 0;
			knownRegions = (
				en,
				Base,
			);
			mainGroup = B6D90B07207284B300488082;
			productRefGroup = B6D90B11207284B300488082 /* Products */;
			projectDirPath = "";
			projectRoot = "";
			targets = (
				B6D90B0F207284B300488082 /* AdvanceCoreData */,
			);
		};
/* End PBXProject section */

/* Begin PBXResourcesBuildPhase section */
		B6D90B0E207284B300488082 /* Resources */ = {
			isa = PBXResourcesBuildPhase;
			buildActionMask = 2147483647;
			files = (
				B6D90B1E207284B400488082 /* LaunchScreen.storyboard in Resources */,
				B6D90B1B207284B400488082 /* Assets.xcassets in Resources */,
				B6D90B19207284B300488082 /* Main.storyboard in Resources */,
			);
			runOnlyForDeploymentPostprocessing = 0;
		};
/* End PBXResourcesBuildPhase section */

/* Begin PBXSourcesBuildPhase section */
		B6D90B0C207284B300488082 /* Sources */ = {
			isa = PBXSourcesBuildPhase;
			buildActionMask = 2147483647;
			files = (
				B6D18216208354EF008A667A /* CompaniesVC+CreateCompany.swift in Sources */,
				B6EF650D2083D23C00F3E465 /* CreateEmployeeVC.swift in Sources */,
				B65662D22072BA3E0038A4EC /* CreateCompanyVC.swift in Sources */,
				B6ACD8B72077CD3500951F07 /* NavigationController+Ext.swift in Sources */,
				B6D90B16207284B300488082 /* CompaniesVC.swift in Sources */,
				B6B76D302072934D00E36C14 /* UiColor+ThemeExt.swift in Sources */,
				B651FB52207385D900B27B80 /* AdvanceCoreDataModel.xcdatamodeld in Sources */,
				B6D1821320834565008A667A /* CompanyCell.swift in Sources */,
				B6D90B14207284B300488082 /* AppDelegate.swift in Sources */,
				B6D1821820835637008A667A /* CompaniesVC+UiTableView.swift in Sources */,
				B65662D02072B6FD0038A4EC /* Company.swift in Sources */,
				B651FB54207393AE00B27B80 /* CoreDataManager.swift in Sources */,
				B6B76D2E20728ED700E36C14 /* Constants.swift in Sources */,
				B6EF650A2083D0B700F3E465 /* UiViewController+Helpers.swift in Sources */,
				B6D1821A2083CDB3008A667A /* EmployeesVC.swift in Sources */,
			);
			runOnlyForDeploymentPostprocessing = 0;
		};
/* End PBXSourcesBuildPhase section */

/* Begin PBXVariantGroup section */
		B6D90B17207284B300488082 /* Main.storyboard */ = {
			isa = PBXVariantGroup;
			children = (
				B6D90B18207284B300488082 /* Base */,
			);
			name = Main.storyboard;
			sourceTree = "<group>";
		};
		B6D90B1C207284B400488082 /* LaunchScreen.storyboard */ = {
			isa = PBXVariantGroup;
			children = (
				B6D90B1D207284B400488082 /* Base */,
			);
			name = LaunchScreen.storyboard;
			sourceTree = "<group>";
		};
/* End PBXVariantGroup section */

/* Begin XCBuildConfiguration section */
		B6D90B20207284B400488082 /* Debug */ = {
			isa = XCBuildConfiguration;
			buildSettings = {
				ALWAYS_SEARCH_USER_PATHS = NO;
				CLANG_ANALYZER_NONNULL = YES;
				CLANG_ANALYZER_NUMBER_OBJECT_CONVERSION = YES_AGGRESSIVE;
				CLANG_CXX_LANGUAGE_STANDARD = "gnu++14";
				CLANG_CXX_LIBRARY = "libc++";
				CLANG_ENABLE_MODULES = YES;
				CLANG_ENABLE_OBJC_ARC = YES;
				CLANG_ENABLE_OBJC_WEAK = YES;
				CLANG_WARN_BLOCK_CAPTURE_AUTORELEASING = YES;
				CLANG_WARN_BOOL_CONVERSION = YES;
				CLANG_WARN_COMMA = YES;
				CLANG_WARN_CONSTANT_CONVERSION = YES;
				CLANG_WARN_DEPRECATED_OBJC_IMPLEMENTATIONS = YES;
				CLANG_WARN_DIRECT_OBJC_ISA_USAGE = YES_ERROR;
				CLANG_WARN_DOCUMENTATION_COMMENTS = YES;
				CLANG_WARN_EMPTY_BODY = YES;
				CLANG_WARN_ENUM_CONVERSION = YES;
				CLANG_WARN_INFINITE_RECURSION = YES;
				CLANG_WARN_INT_CONVERSION = YES;
				CLANG_WARN_NON_LITERAL_NULL_CONVERSION = YES;
				CLANG_WARN_OBJC_IMPLICIT_RETAIN_SELF = YES;
				CLANG_WARN_OBJC_LITERAL_CONVERSION = YES;
				CLANG_WARN_OBJC_ROOT_CLASS = YES_ERROR;
				CLANG_WARN_RANGE_LOOP_ANALYSIS = YES;
				CLANG_WARN_STRICT_PROTOTYPES = YES;
				CLANG_WARN_SUSPICIOUS_MOVE = YES;
				CLANG_WARN_UNGUARDED_AVAILABILITY = YES_AGGRESSIVE;
				CLANG_WARN_UNREACHABLE_CODE = YES;
				CLANG_WARN__DUPLICATE_METHOD_MATCH = YES;
				CODE_SIGN_IDENTITY = "iPhone Developer";
				COPY_PHASE_STRIP = NO;
				DEBUG_INFORMATION_FORMAT = dwarf;
				ENABLE_STRICT_OBJC_MSGSEND = YES;
				ENABLE_TESTABILITY = YES;
				GCC_C_LANGUAGE_STANDARD = gnu11;
				GCC_DYNAMIC_NO_PIC = NO;
				GCC_NO_COMMON_BLOCKS = YES;
				GCC_OPTIMIZATION_LEVEL = 0;
				GCC_PREPROCESSOR_DEFINITIONS = (
					"DEBUG=1",
					"$(inherited)",
				);
				GCC_WARN_64_TO_32_BIT_CONVERSION = YES;
				GCC_WARN_ABOUT_RETURN_TYPE = YES_ERROR;
				GCC_WARN_UNDECLARED_SELECTOR = YES;
				GCC_WARN_UNINITIALIZED_AUTOS = YES_AGGRESSIVE;
				GCC_WARN_UNUSED_FUNCTION = YES;
				GCC_WARN_UNUSED_VARIABLE = YES;
				IPHONEOS_DEPLOYMENT_TARGET = 11.3;
				MTL_ENABLE_DEBUG_INFO = YES;
				ONLY_ACTIVE_ARCH = YES;
				SDKROOT = iphoneos;
				SWIFT_ACTIVE_COMPILATION_CONDITIONS = DEBUG;
				SWIFT_OPTIMIZATION_LEVEL = "-Onone";
			};
			name = Debug;
		};
		B6D90B21207284B400488082 /* Release */ = {
			isa = XCBuildConfiguration;
			buildSettings = {
				ALWAYS_SEARCH_USER_PATHS = NO;
				CLANG_ANALYZER_NONNULL = YES;
				CLANG_ANALYZER_NUMBER_OBJECT_CONVERSION = YES_AGGRESSIVE;
				CLANG_CXX_LANGUAGE_STANDARD = "gnu++14";
				CLANG_CXX_LIBRARY = "libc++";
				CLANG_ENABLE_MODULES = YES;
				CLANG_ENABLE_OBJC_ARC = YES;
				CLANG_ENABLE_OBJC_WEAK = YES;
				CLANG_WARN_BLOCK_CAPTURE_AUTORELEASING = YES;
				CLANG_WARN_BOOL_CONVERSION = YES;
				CLANG_WARN_COMMA = YES;
				CLANG_WARN_CONSTANT_CONVERSION = YES;
				CLANG_WARN_DEPRECATED_OBJC_IMPLEMENTATIONS = YES;
				CLANG_WARN_DIRECT_OBJC_ISA_USAGE = YES_ERROR;
				CLANG_WARN_DOCUMENTATION_COMMENTS = YES;
				CLANG_WARN_EMPTY_BODY = YES;
				CLANG_WARN_ENUM_CONVERSION = YES;
				CLANG_WARN_INFINITE_RECURSION = YES;
				CLANG_WARN_INT_CONVERSION = YES;
				CLANG_WARN_NON_LITERAL_NULL_CONVERSION = YES;
				CLANG_WARN_OBJC_IMPLICIT_RETAIN_SELF = YES;
				CLANG_WARN_OBJC_LITERAL_CONVERSION = YES;
				CLANG_WARN_OBJC_ROOT_CLASS = YES_ERROR;
				CLANG_WARN_RANGE_LOOP_ANALYSIS = YES;
				CLANG_WARN_STRICT_PROTOTYPES = YES;
				CLANG_WARN_SUSPICIOUS_MOVE = YES;
				CLANG_WARN_UNGUARDED_AVAILABILITY = YES_AGGRESSIVE;
				CLANG_WARN_UNREACHABLE_CODE = YES;
				CLANG_WARN__DUPLICATE_METHOD_MATCH = YES;
				CODE_SIGN_IDENTITY = "iPhone Developer";
				COPY_PHASE_STRIP = NO;
				DEBUG_INFORMATION_FORMAT = "dwarf-with-dsym";
				ENABLE_NS_ASSERTIONS = NO;
				ENABLE_STRICT_OBJC_MSGSEND = YES;
				GCC_C_LANGUAGE_STANDARD = gnu11;
				GCC_NO_COMMON_BLOCKS = YES;
				GCC_WARN_64_TO_32_BIT_CONVERSION = YES;
				GCC_WARN_ABOUT_RETURN_TYPE = YES_ERROR;
				GCC_WARN_UNDECLARED_SELECTOR = YES;
				GCC_WARN_UNINITIALIZED_AUTOS = YES_AGGRESSIVE;
				GCC_WARN_UNUSED_FUNCTION = YES;
				GCC_WARN_UNUSED_VARIABLE = YES;
				IPHONEOS_DEPLOYMENT_TARGET = 11.3;
				MTL_ENABLE_DEBUG_INFO = NO;
				SDKROOT = iphoneos;
				SWIFT_COMPILATION_MODE = wholemodule;
				SWIFT_OPTIMIZATION_LEVEL = "-O";
				VALIDATE_PRODUCT = YES;
			};
			name = Release;
		};
		B6D90B23207284B400488082 /* Debug */ = {
			isa = XCBuildConfiguration;
			buildSettings = {
				ASSETCATALOG_COMPILER_APPICON_NAME = AppIcon;
				CODE_SIGN_STYLE = Automatic;
				DEVELOPMENT_TEAM = UHJSHJ73VS;
				INFOPLIST_FILE = AdvanceCoreData/Info.plist;
				LD_RUNPATH_SEARCH_PATHS = (
					"$(inherited)",
					"@executable_path/Frameworks",
				);
				PRODUCT_BUNDLE_IDENTIFIER = com.ayon.AdvanceCoreData;
				PRODUCT_NAME = "$(TARGET_NAME)";
				SWIFT_VERSION = 4.0;
				TARGETED_DEVICE_FAMILY = "1,2";
			};
			name = Debug;
		};
		B6D90B24207284B400488082 /* Release */ = {
			isa = XCBuildConfiguration;
			buildSettings = {
				ASSETCATALOG_COMPILER_APPICON_NAME = AppIcon;
				CODE_SIGN_STYLE = Automatic;
				DEVELOPMENT_TEAM = UHJSHJ73VS;
				INFOPLIST_FILE = AdvanceCoreData/Info.plist;
				LD_RUNPATH_SEARCH_PATHS = (
					"$(inherited)",
					"@executable_path/Frameworks",
				);
				PRODUCT_BUNDLE_IDENTIFIER = com.ayon.AdvanceCoreData;
				PRODUCT_NAME = "$(TARGET_NAME)";
				SWIFT_VERSION = 4.0;
				TARGETED_DEVICE_FAMILY = "1,2";
			};
			name = Release;
		};
/* End XCBuildConfiguration section */

/* Begin XCConfigurationList section */
		B6D90B0B207284B300488082 /* Build configuration list for PBXProject "AdvanceCoreData" */ = {
			isa = XCConfigurationList;
			buildConfigurations = (
				B6D90B20207284B400488082 /* Debug */,
				B6D90B21207284B400488082 /* Release */,
			);
			defaultConfigurationIsVisible = 0;
			defaultConfigurationName = Release;
		};
		B6D90B22207284B400488082 /* Build configuration list for PBXNativeTarget "AdvanceCoreData" */ = {
			isa = XCConfigurationList;
			buildConfigurations = (
				B6D90B23207284B400488082 /* Debug */,
				B6D90B24207284B400488082 /* Release */,
			);
			defaultConfigurationIsVisible = 0;
			defaultConfigurationName = Release;
		};
/* End XCConfigurationList section */

/* Begin XCVersionGroup section */
		B651FB50207385D900B27B80 /* AdvanceCoreDataModel.xcdatamodeld */ = {
			isa = XCVersionGroup;
			children = (
				B651FB51207385D900B27B80 /* AdvanceCoreDataModel.xcdatamodel */,
			);
			currentVersion = B651FB51207385D900B27B80 /* AdvanceCoreDataModel.xcdatamodel */;
			path = AdvanceCoreDataModel.xcdatamodeld;
			sourceTree = "<group>";
			versionGroupType = wrapper.xcdatamodel;
		};
/* End XCVersionGroup section */
	};
	rootObject = B6D90B08207284B300488082 /* Project object */;
}
